
Microsoft Visual Studio Solution File, Format Version 12.00
# Visual Studio Express 2013 for Windows Desktop
VisualStudioVersion = 12.0.31101.0
MinimumVisualStudioVersion = 10.0.40219.1
Project("{8BC9CEB8-8B4A-11D0-8D11-00A0C91BC942}") = "installer", "installer\installer.vcxproj", "{C65505E2-5456-473C-91B1-C6D91B294DC3}"
	ProjectSection(ProjectDependencies) = postProject
		{56319425-6482-41CF-8B63-BC33D6EEBB52} = {56319425-6482-41CF-8B63-BC33D6EEBB52}
		{EB999F4D-AD29-4049-BCCB-FABFD01DFC97} = {EB999F4D-AD29-4049-BCCB-FABFD01DFC97}
		{289FD85F-FCDB-413D-BBF3-997583DF0FEE} = {289FD85F-FCDB-413D-BBF3-997583DF0FEE}
		{3DD6BBBB-4BCF-4991-A568-0D04B37D5E51} = {3DD6BBBB-4BCF-4991-A568-0D04B37D5E51}
		{34405AB3-7404-4118-870E-EE572DB3F7B1} = {34405AB3-7404-4118-870E-EE572DB3F7B1}
		{740F50A9-EA25-4FFB-890D-57D53FD6F026} = {740F50A9-EA25-4FFB-890D-57D53FD6F026}
	EndProjectSection
EndProject
Project("{8BC9CEB8-8B4A-11D0-8D11-00A0C91BC942}") = "imcrvtip", "imcrvtip\imcrvtip.vcxproj", "{740F50A9-EA25-4FFB-890D-57D53FD6F026}"
	ProjectSection(ProjectDependencies) = postProject
		{EB999F4D-AD29-4049-BCCB-FABFD01DFC97} = {EB999F4D-AD29-4049-BCCB-FABFD01DFC97}
	EndProjectSection
EndProject
Project("{8BC9CEB8-8B4A-11D0-8D11-00A0C91BC942}") = "imcrvmgr", "imcrvmgr\imcrvmgr.vcxproj", "{289FD85F-FCDB-413D-BBF3-997583DF0FEE}"
	ProjectSection(ProjectDependencies) = postProject
		{EB999F4D-AD29-4049-BCCB-FABFD01DFC97} = {EB999F4D-AD29-4049-BCCB-FABFD01DFC97}
		{3DD6BBBB-4BCF-4991-A568-0D04B37D5E51} = {3DD6BBBB-4BCF-4991-A568-0D04B37D5E51}
	EndProjectSection
EndProject
Project("{8BC9CEB8-8B4A-11D0-8D11-00A0C91BC942}") = "imcrvcnf", "imcrvcnf\imcrvcnf.vcxproj", "{56319425-6482-41CF-8B63-BC33D6EEBB52}"
	ProjectSection(ProjectDependencies) = postProject
		{EB999F4D-AD29-4049-BCCB-FABFD01DFC97} = {EB999F4D-AD29-4049-BCCB-FABFD01DFC97}
	EndProjectSection
EndProject
Project("{8BC9CEB8-8B4A-11D0-8D11-00A0C91BC942}") = "common", "common\common.vcxproj", "{EB999F4D-AD29-4049-BCCB-FABFD01DFC97}"
EndProject
Project("{8BC9CEB8-8B4A-11D0-8D11-00A0C91BC942}") = "luaxx", "luaxx\luaxx.vcxproj", "{3DD6BBBB-4BCF-4991-A568-0D04B37D5E51}"
EndProject
Project("{8BC9CEB8-8B4A-11D0-8D11-00A0C91BC942}") = "lua", "lua\lua.vcxproj", "{34405AB3-7404-4118-870E-EE572DB3F7B1}"
	ProjectSection(ProjectDependencies) = postProject
		{3DD6BBBB-4BCF-4991-A568-0D04B37D5E51} = {3DD6BBBB-4BCF-4991-A568-0D04B37D5E51}
	EndProjectSection
EndProject
Global
	GlobalSection(SolutionConfigurationPlatforms) = preSolution
		Debug|Win32 = Debug|Win32
		Debug|x64 = Debug|x64
		Release|Win32 = Release|Win32
		Release|x64 = Release|x64
	EndGlobalSection
	GlobalSection(ProjectConfigurationPlatforms) = postSolution
		{C65505E2-5456-473C-91B1-C6D91B294DC3}.Debug|Win32.ActiveCfg = Debug|Win32
		{C65505E2-5456-473C-91B1-C6D91B294DC3}.Debug|Win32.Build.0 = Debug|Win32
		{C65505E2-5456-473C-91B1-C6D91B294DC3}.Debug|x64.ActiveCfg = Debug|x64
		{C65505E2-5456-473C-91B1-C6D91B294DC3}.Debug|x64.Build.0 = Debug|x64
		{C65505E2-5456-473C-91B1-C6D91B294DC3}.Release|Win32.ActiveCfg = Release|Win32
		{C65505E2-5456-473C-91B1-C6D91B294DC3}.Release|Win32.Build.0 = Release|Win32
		{C65505E2-5456-473C-91B1-C6D91B294DC3}.Release|x64.ActiveCfg = Release|x64
		{C65505E2-5456-473C-91B1-C6D91B294DC3}.Release|x64.Build.0 = Release|x64
		{740F50A9-EA25-4FFB-890D-57D53FD6F026}.Debug|Win32.ActiveCfg = Debug|Win32
		{740F50A9-EA25-4FFB-890D-57D53FD6F026}.Debug|Win32.Build.0 = Debug|Win32
		{740F50A9-EA25-4FFB-890D-57D53FD6F026}.Debug|x64.ActiveCfg = Debug|x64
		{740F50A9-EA25-4FFB-890D-57D53FD6F026}.Debug|x64.Build.0 = Debug|x64
		{740F50A9-EA25-4FFB-890D-57D53FD6F026}.Release|Win32.ActiveCfg = Release|Win32
		{740F50A9-EA25-4FFB-890D-57D53FD6F026}.Release|Win32.Build.0 = Release|Win32
		{740F50A9-EA25-4FFB-890D-57D53FD6F026}.Release|x64.ActiveCfg = Release|x64
		{740F50A9-EA25-4FFB-890D-57D53FD6F026}.Release|x64.Build.0 = Release|x64
		{289FD85F-FCDB-413D-BBF3-997583DF0FEE}.Debug|Win32.ActiveCfg = Debug|Win32
		{289FD85F-FCDB-413D-BBF3-997583DF0FEE}.Debug|Win32.Build.0 = Debug|Win32
		{289FD85F-FCDB-413D-BBF3-997583DF0FEE}.Debug|x64.ActiveCfg = Debug|x64
		{289FD85F-FCDB-413D-BBF3-997583DF0FEE}.Debug|x64.Build.0 = Debug|x64
		{289FD85F-FCDB-413D-BBF3-997583DF0FEE}.Release|Win32.ActiveCfg = Release|Win32
		{289FD85F-FCDB-413D-BBF3-997583DF0FEE}.Release|Win32.Build.0 = Release|Win32
		{289FD85F-FCDB-413D-BBF3-997583DF0FEE}.Release|x64.ActiveCfg = Release|x64
		{289FD85F-FCDB-413D-BBF3-997583DF0FEE}.Release|x64.Build.0 = Release|x64
		{56319425-6482-41CF-8B63-BC33D6EEBB52}.Debug|Win32.ActiveCfg = Debug|Win32
		{56319425-6482-41CF-8B63-BC33D6EEBB52}.Debug|Win32.Build.0 = Debug|Win32
		{56319425-6482-41CF-8B63-BC33D6EEBB52}.Debug|x64.ActiveCfg = Debug|x64
		{56319425-6482-41CF-8B63-BC33D6EEBB52}.Debug|x64.Build.0 = Debug|x64
		{56319425-6482-41CF-8B63-BC33D6EEBB52}.Release|Win32.ActiveCfg = Release|Win32
		{56319425-6482-41CF-8B63-BC33D6EEBB52}.Release|Win32.Build.0 = Release|Win32
		{56319425-6482-41CF-8B63-BC33D6EEBB52}.Release|x64.ActiveCfg = Release|x64
		{56319425-6482-41CF-8B63-BC33D6EEBB52}.Release|x64.Build.0 = Release|x64
		{EB999F4D-AD29-4049-BCCB-FABFD01DFC97}.Debug|Win32.ActiveCfg = Debug|Win32
		{EB999F4D-AD29-4049-BCCB-FABFD01DFC97}.Debug|Win32.Build.0 = Debug|Win32
		{EB999F4D-AD29-4049-BCCB-FABFD01DFC97}.Debug|x64.ActiveCfg = Debug|x64
		{EB999F4D-AD29-4049-BCCB-FABFD01DFC97}.Debug|x64.Build.0 = Debug|x64
		{EB999F4D-AD29-4049-BCCB-FABFD01DFC97}.Release|Win32.ActiveCfg = Release|Win32
		{EB999F4D-AD29-4049-BCCB-FABFD01DFC97}.Release|Win32.Build.0 = Release|Win32
		{EB999F4D-AD29-4049-BCCB-FABFD01DFC97}.Release|x64.ActiveCfg = Release|x64
		{EB999F4D-AD29-4049-BCCB-FABFD01DFC97}.Release|x64.Build.0 = Release|x64
		{3DD6BBBB-4BCF-4991-A568-0D04B37D5E51}.Debug|Win32.ActiveCfg = Debug|Win32
		{3DD6BBBB-4BCF-4991-A568-0D04B37D5E51}.Debug|Win32.Build.0 = Debug|Win32
		{3DD6BBBB-4BCF-4991-A568-0D04B37D5E51}.Debug|x64.ActiveCfg = Debug|x64
		{3DD6BBBB-4BCF-4991-A568-0D04B37D5E51}.Debug|x64.Build.0 = Debug|x64
		{3DD6BBBB-4BCF-4991-A568-0D04B37D5E51}.Release|Win32.ActiveCfg = Release|Win32
		{3DD6BBBB-4BCF-4991-A568-0D04B37D5E51}.Release|Win32.Build.0 = Release|Win32
		{3DD6BBBB-4BCF-4991-A568-0D04B37D5E51}.Release|x64.ActiveCfg = Release|x64
		{3DD6BBBB-4BCF-4991-A568-0D04B37D5E51}.Release|x64.Build.0 = Release|x64
		{34405AB3-7404-4118-870E-EE572DB3F7B1}.Debug|Win32.ActiveCfg = Debug|Win32
		{34405AB3-7404-4118-870E-EE572DB3F7B1}.Debug|Win32.Build.0 = Debug|Win32
		{34405AB3-7404-4118-870E-EE572DB3F7B1}.Debug|x64.ActiveCfg = Debug|x64
		{34405AB3-7404-4118-870E-EE572DB3F7B1}.Debug|x64.Build.0 = Debug|x64
		{34405AB3-7404-4118-870E-EE572DB3F7B1}.Release|Win32.ActiveCfg = Release|Win32
		{34405AB3-7404-4118-870E-EE572DB3F7B1}.Release|Win32.Build.0 = Release|Win32
		{34405AB3-7404-4118-870E-EE572DB3F7B1}.Release|x64.ActiveCfg = Release|x64
		{34405AB3-7404-4118-870E-EE572DB3F7B1}.Release|x64.Build.0 = Release|x64
	EndGlobalSection
	GlobalSection(SolutionProperties) = preSolution
		HideSolutionNode = FALSE
	EndGlobalSection
EndGlobal
