
Microsoft Visual Studio Solution File, Format Version 12.00
# Visual Studio 15
VisualStudioVersion = 15.0.28307.106
MinimumVisualStudioVersion = 10.0.40219.1
Project("{8BC9CEB8-8B4A-11D0-8D11-00A0C91BC942}") = "installer", "installer\installer.vcxproj", "{C65505E2-5456-473C-91B1-C6D91B294DC3}"
	ProjectSection(ProjectDependencies) = postProject
		{56319425-6482-41CF-8B63-BC33D6EEBB52} = {56319425-6482-41CF-8B63-BC33D6EEBB52}
		{EB999F4D-AD29-4049-BCCB-FABFD01DFC97} = {EB999F4D-AD29-4049-BCCB-FABFD01DFC97}
		{289FD85F-FCDB-413D-BBF3-997583DF0FEE} = {289FD85F-FCDB-413D-BBF3-997583DF0FEE}
		{3DD6BBBB-4BCF-4991-A568-0D04B37D5E51} = {3DD6BBBB-4BCF-4991-A568-0D04B37D5E51}
		{34405AB3-7404-4118-870E-EE572DB3F7B1} = {34405AB3-7404-4118-870E-EE572DB3F7B1}
		{740F50A9-EA25-4FFB-890D-57D53FD6F026} = {740F50A9-EA25-4FFB-890D-57D53FD6F026}
	EndProjectSection
EndProject
Project("{8BC9CEB8-8B4A-11D0-8D11-00A0C91BC942}") = "imcrvtip", "imcrvtip\imcrvtip.vcxproj", "{740F50A9-EA25-4FFB-890D-57D53FD6F026}"
	ProjectSection(ProjectDependencies) = postProject
		{EB999F4D-AD29-4049-BCCB-FABFD01DFC97} = {EB999F4D-AD29-4049-BCCB-FABFD01DFC97}
	EndProjectSection
EndProject
Project("{8BC9CEB8-8B4A-11D0-8D11-00A0C91BC942}") = "imcrvmgr", "imcrvmgr\imcrvmgr.vcxproj", "{289FD85F-FCDB-413D-BBF3-997583DF0FEE}"
	ProjectSection(ProjectDependencies) = postProject
		{EB999F4D-AD29-4049-BCCB-FABFD01DFC97} = {EB999F4D-AD29-4049-BCCB-FABFD01DFC97}
		{3DD6BBBB-4BCF-4991-A568-0D04B37D5E51} = {3DD6BBBB-4BCF-4991-A568-0D04B37D5E51}
	EndProjectSection
EndProject
Project("{8BC9CEB8-8B4A-11D0-8D11-00A0C91BC942}") = "imcrvcnf", "imcrvcnf\imcrvcnf.vcxproj", "{56319425-6482-41CF-8B63-BC33D6EEBB52}"
	ProjectSection(ProjectDependencies) = postProject
		{EB999F4D-AD29-4049-BCCB-FABFD01DFC97} = {EB999F4D-AD29-4049-BCCB-FABFD01DFC97}
	EndProjectSection
EndProject
Project("{8BC9CEB8-8B4A-11D0-8D11-00A0C91BC942}") = "common", "common\common.vcxproj", "{EB999F4D-AD29-4049-BCCB-FABFD01DFC97}"
EndProject
Project("{8BC9CEB8-8B4A-11D0-8D11-00A0C91BC942}") = "liblua", "liblua\liblua.vcxproj", "{3DD6BBBB-4BCF-4991-A568-0D04B37D5E51}"
EndProject
Project("{8BC9CEB8-8B4A-11D0-8D11-00A0C91BC942}") = "lua", "lua\lua.vcxproj", "{34405AB3-7404-4118-870E-EE572DB3F7B1}"
	ProjectSection(ProjectDependencies) = postProject
		{3DD6BBBB-4BCF-4991-A568-0D04B37D5E51} = {3DD6BBBB-4BCF-4991-A568-0D04B37D5E51}
	EndProjectSection
EndProject
Global
	GlobalSection(SolutionConfigurationPlatforms) = preSolution
		Debug|ARM = Debug|ARM
		Debug|ARM64 = Debug|ARM64
		Debug|x64 = Debug|x64
		Debug|x86 = Debug|x86
		Release|ARM = Release|ARM
		Release|ARM64 = Release|ARM64
		Release|x64 = Release|x64
		Release|x86 = Release|x86
	EndGlobalSection
	GlobalSection(ProjectConfigurationPlatforms) = postSolution
		{C65505E2-5456-473C-91B1-C6D91B294DC3}.Debug|ARM.ActiveCfg = Debug|ARM
		{C65505E2-5456-473C-91B1-C6D91B294DC3}.Debug|ARM.Build.0 = Debug|ARM
		{C65505E2-5456-473C-91B1-C6D91B294DC3}.Debug|ARM64.ActiveCfg = Debug|ARM64
		{C65505E2-5456-473C-91B1-C6D91B294DC3}.Debug|ARM64.Build.0 = Debug|ARM64
		{C65505E2-5456-473C-91B1-C6D91B294DC3}.Debug|x64.ActiveCfg = Debug|x64
		{C65505E2-5456-473C-91B1-C6D91B294DC3}.Debug|x64.Build.0 = Debug|x64
		{C65505E2-5456-473C-91B1-C6D91B294DC3}.Debug|x86.ActiveCfg = Debug|Win32
		{C65505E2-5456-473C-91B1-C6D91B294DC3}.Debug|x86.Build.0 = Debug|Win32
		{C65505E2-5456-473C-91B1-C6D91B294DC3}.Release|ARM.ActiveCfg = Release|ARM
		{C65505E2-5456-473C-91B1-C6D91B294DC3}.Release|ARM.Build.0 = Release|ARM
		{C65505E2-5456-473C-91B1-C6D91B294DC3}.Release|ARM64.ActiveCfg = Release|ARM64
		{C65505E2-5456-473C-91B1-C6D91B294DC3}.Release|ARM64.Build.0 = Release|ARM64
		{C65505E2-5456-473C-91B1-C6D91B294DC3}.Release|x64.ActiveCfg = Release|x64
		{C65505E2-5456-473C-91B1-C6D91B294DC3}.Release|x64.Build.0 = Release|x64
		{C65505E2-5456-473C-91B1-C6D91B294DC3}.Release|x86.ActiveCfg = Release|Win32
		{C65505E2-5456-473C-91B1-C6D91B294DC3}.Release|x86.Build.0 = Release|Win32
		{740F50A9-EA25-4FFB-890D-57D53FD6F026}.Debug|ARM.ActiveCfg = Debug|ARM
		{740F50A9-EA25-4FFB-890D-57D53FD6F026}.Debug|ARM.Build.0 = Debug|ARM
		{740F50A9-EA25-4FFB-890D-57D53FD6F026}.Debug|ARM64.ActiveCfg = Debug|ARM64
		{740F50A9-EA25-4FFB-890D-57D53FD6F026}.Debug|ARM64.Build.0 = Debug|ARM64
		{740F50A9-EA25-4FFB-890D-57D53FD6F026}.Debug|x64.ActiveCfg = Debug|x64
		{740F50A9-EA25-4FFB-890D-57D53FD6F026}.Debug|x64.Build.0 = Debug|x64
		{740F50A9-EA25-4FFB-890D-57D53FD6F026}.Debug|x86.ActiveCfg = Debug|Win32
		{740F50A9-EA25-4FFB-890D-57D53FD6F026}.Debug|x86.Build.0 = Debug|Win32
		{740F50A9-EA25-4FFB-890D-57D53FD6F026}.Release|ARM.ActiveCfg = Release|ARM
		{740F50A9-EA25-4FFB-890D-57D53FD6F026}.Release|ARM.Build.0 = Release|ARM
		{740F50A9-EA25-4FFB-890D-57D53FD6F026}.Release|ARM64.ActiveCfg = Release|ARM64
		{740F50A9-EA25-4FFB-890D-57D53FD6F026}.Release|ARM64.Build.0 = Release|ARM64
		{740F50A9-EA25-4FFB-890D-57D53FD6F026}.Release|x64.ActiveCfg = Release|x64
		{740F50A9-EA25-4FFB-890D-57D53FD6F026}.Release|x64.Build.0 = Release|x64
		{740F50A9-EA25-4FFB-890D-57D53FD6F026}.Release|x86.ActiveCfg = Release|Win32
		{740F50A9-EA25-4FFB-890D-57D53FD6F026}.Release|x86.Build.0 = Release|Win32
		{289FD85F-FCDB-413D-BBF3-997583DF0FEE}.Debug|ARM.ActiveCfg = Debug|ARM
		{289FD85F-FCDB-413D-BBF3-997583DF0FEE}.Debug|ARM.Build.0 = Debug|ARM
		{289FD85F-FCDB-413D-BBF3-997583DF0FEE}.Debug|ARM64.ActiveCfg = Debug|ARM64
		{289FD85F-FCDB-413D-BBF3-997583DF0FEE}.Debug|ARM64.Build.0 = Debug|ARM64
		{289FD85F-FCDB-413D-BBF3-997583DF0FEE}.Debug|x64.ActiveCfg = Debug|x64
		{289FD85F-FCDB-413D-BBF3-997583DF0FEE}.Debug|x64.Build.0 = Debug|x64
		{289FD85F-FCDB-413D-BBF3-997583DF0FEE}.Debug|x86.ActiveCfg = Debug|Win32
		{289FD85F-FCDB-413D-BBF3-997583DF0FEE}.Debug|x86.Build.0 = Debug|Win32
		{289FD85F-FCDB-413D-BBF3-997583DF0FEE}.Release|ARM.ActiveCfg = Release|ARM
		{289FD85F-FCDB-413D-BBF3-997583DF0FEE}.Release|ARM.Build.0 = Release|ARM
		{289FD85F-FCDB-413D-BBF3-997583DF0FEE}.Release|ARM64.ActiveCfg = Release|ARM64
		{289FD85F-FCDB-413D-BBF3-997583DF0FEE}.Release|ARM64.Build.0 = Release|ARM64
		{289FD85F-FCDB-413D-BBF3-997583DF0FEE}.Release|x64.ActiveCfg = Release|x64
		{289FD85F-FCDB-413D-BBF3-997583DF0FEE}.Release|x64.Build.0 = Release|x64
		{289FD85F-FCDB-413D-BBF3-997583DF0FEE}.Release|x86.ActiveCfg = Release|Win32
		{289FD85F-FCDB-413D-BBF3-997583DF0FEE}.Release|x86.Build.0 = Release|Win32
		{56319425-6482-41CF-8B63-BC33D6EEBB52}.Debug|ARM.ActiveCfg = Debug|ARM
		{56319425-6482-41CF-8B63-BC33D6EEBB52}.Debug|ARM.Build.0 = Debug|ARM
		{56319425-6482-41CF-8B63-BC33D6EEBB52}.Debug|ARM64.ActiveCfg = Debug|ARM64
		{56319425-6482-41CF-8B63-BC33D6EEBB52}.Debug|ARM64.Build.0 = Debug|ARM64
		{56319425-6482-41CF-8B63-BC33D6EEBB52}.Debug|x64.ActiveCfg = Debug|x64
		{56319425-6482-41CF-8B63-BC33D6EEBB52}.Debug|x64.Build.0 = Debug|x64
		{56319425-6482-41CF-8B63-BC33D6EEBB52}.Debug|x86.ActiveCfg = Debug|Win32
		{56319425-6482-41CF-8B63-BC33D6EEBB52}.Debug|x86.Build.0 = Debug|Win32
		{56319425-6482-41CF-8B63-BC33D6EEBB52}.Release|ARM.ActiveCfg = Release|ARM
		{56319425-6482-41CF-8B63-BC33D6EEBB52}.Release|ARM.Build.0 = Release|ARM
		{56319425-6482-41CF-8B63-BC33D6EEBB52}.Release|ARM64.ActiveCfg = Release|ARM64
		{56319425-6482-41CF-8B63-BC33D6EEBB52}.Release|ARM64.Build.0 = Release|ARM64
		{56319425-6482-41CF-8B63-BC33D6EEBB52}.Release|x64.ActiveCfg = Release|x64
		{56319425-6482-41CF-8B63-BC33D6EEBB52}.Release|x64.Build.0 = Release|x64
		{56319425-6482-41CF-8B63-BC33D6EEBB52}.Release|x86.ActiveCfg = Release|Win32
		{56319425-6482-41CF-8B63-BC33D6EEBB52}.Release|x86.Build.0 = Release|Win32
		{EB999F4D-AD29-4049-BCCB-FABFD01DFC97}.Debug|ARM.ActiveCfg = Debug|ARM
		{EB999F4D-AD29-4049-BCCB-FABFD01DFC97}.Debug|ARM.Build.0 = Debug|ARM
		{EB999F4D-AD29-4049-BCCB-FABFD01DFC97}.Debug|ARM64.ActiveCfg = Debug|ARM64
		{EB999F4D-AD29-4049-BCCB-FABFD01DFC97}.Debug|ARM64.Build.0 = Debug|ARM64
		{EB999F4D-AD29-4049-BCCB-FABFD01DFC97}.Debug|x64.ActiveCfg = Debug|x64
		{EB999F4D-AD29-4049-BCCB-FABFD01DFC97}.Debug|x64.Build.0 = Debug|x64
		{EB999F4D-AD29-4049-BCCB-FABFD01DFC97}.Debug|x86.ActiveCfg = Debug|Win32
		{EB999F4D-AD29-4049-BCCB-FABFD01DFC97}.Debug|x86.Build.0 = Debug|Win32
		{EB999F4D-AD29-4049-BCCB-FABFD01DFC97}.Release|ARM.ActiveCfg = Release|ARM
		{EB999F4D-AD29-4049-BCCB-FABFD01DFC97}.Release|ARM.Build.0 = Release|ARM
		{EB999F4D-AD29-4049-BCCB-FABFD01DFC97}.Release|ARM64.ActiveCfg = Release|ARM64
		{EB999F4D-AD29-4049-BCCB-FABFD01DFC97}.Release|ARM64.Build.0 = Release|ARM64
		{EB999F4D-AD29-4049-BCCB-FABFD01DFC97}.Release|x64.ActiveCfg = Release|x64
		{EB999F4D-AD29-4049-BCCB-FABFD01DFC97}.Release|x64.Build.0 = Release|x64
		{EB999F4D-AD29-4049-BCCB-FABFD01DFC97}.Release|x86.ActiveCfg = Release|Win32
		{EB999F4D-AD29-4049-BCCB-FABFD01DFC97}.Release|x86.Build.0 = Release|Win32
		{3DD6BBBB-4BCF-4991-A568-0D04B37D5E51}.Debug|ARM.ActiveCfg = Debug|ARM
		{3DD6BBBB-4BCF-4991-A568-0D04B37D5E51}.Debug|ARM.Build.0 = Debug|ARM
		{3DD6BBBB-4BCF-4991-A568-0D04B37D5E51}.Debug|ARM64.ActiveCfg = Debug|ARM64
		{3DD6BBBB-4BCF-4991-A568-0D04B37D5E51}.Debug|ARM64.Build.0 = Debug|ARM64
		{3DD6BBBB-4BCF-4991-A568-0D04B37D5E51}.Debug|x64.ActiveCfg = Debug|x64
		{3DD6BBBB-4BCF-4991-A568-0D04B37D5E51}.Debug|x64.Build.0 = Debug|x64
		{3DD6BBBB-4BCF-4991-A568-0D04B37D5E51}.Debug|x86.ActiveCfg = Debug|Win32
		{3DD6BBBB-4BCF-4991-A568-0D04B37D5E51}.Debug|x86.Build.0 = Debug|Win32
		{3DD6BBBB-4BCF-4991-A568-0D04B37D5E51}.Release|ARM.ActiveCfg = Release|ARM
		{3DD6BBBB-4BCF-4991-A568-0D04B37D5E51}.Release|ARM.Build.0 = Release|ARM
		{3DD6BBBB-4BCF-4991-A568-0D04B37D5E51}.Release|ARM64.ActiveCfg = Release|ARM64
		{3DD6BBBB-4BCF-4991-A568-0D04B37D5E51}.Release|ARM64.Build.0 = Release|ARM64
		{3DD6BBBB-4BCF-4991-A568-0D04B37D5E51}.Release|x64.ActiveCfg = Release|x64
		{3DD6BBBB-4BCF-4991-A568-0D04B37D5E51}.Release|x64.Build.0 = Release|x64
		{3DD6BBBB-4BCF-4991-A568-0D04B37D5E51}.Release|x86.ActiveCfg = Release|Win32
		{3DD6BBBB-4BCF-4991-A568-0D04B37D5E51}.Release|x86.Build.0 = Release|Win32
		{34405AB3-7404-4118-870E-EE572DB3F7B1}.Debug|ARM.ActiveCfg = Debug|ARM
		{34405AB3-7404-4118-870E-EE572DB3F7B1}.Debug|ARM.Build.0 = Debug|ARM
		{34405AB3-7404-4118-870E-EE572DB3F7B1}.Debug|ARM64.ActiveCfg = Debug|ARM64
		{34405AB3-7404-4118-870E-EE572DB3F7B1}.Debug|ARM64.Build.0 = Debug|ARM64
		{34405AB3-7404-4118-870E-EE572DB3F7B1}.Debug|x64.ActiveCfg = Debug|x64
		{34405AB3-7404-4118-870E-EE572DB3F7B1}.Debug|x64.Build.0 = Debug|x64
		{34405AB3-7404-4118-870E-EE572DB3F7B1}.Debug|x86.ActiveCfg = Debug|Win32
		{34405AB3-7404-4118-870E-EE572DB3F7B1}.Debug|x86.Build.0 = Debug|Win32
		{34405AB3-7404-4118-870E-EE572DB3F7B1}.Release|ARM.ActiveCfg = Release|ARM
		{34405AB3-7404-4118-870E-EE572DB3F7B1}.Release|ARM.Build.0 = Release|ARM
		{34405AB3-7404-4118-870E-EE572DB3F7B1}.Release|ARM64.ActiveCfg = Release|ARM64
		{34405AB3-7404-4118-870E-EE572DB3F7B1}.Release|ARM64.Build.0 = Release|ARM64
		{34405AB3-7404-4118-870E-EE572DB3F7B1}.Release|x64.ActiveCfg = Release|x64
		{34405AB3-7404-4118-870E-EE572DB3F7B1}.Release|x64.Build.0 = Release|x64
		{34405AB3-7404-4118-870E-EE572DB3F7B1}.Release|x86.ActiveCfg = Release|Win32
		{34405AB3-7404-4118-870E-EE572DB3F7B1}.Release|x86.Build.0 = Release|Win32
	EndGlobalSection
	GlobalSection(SolutionProperties) = preSolution
		HideSolutionNode = FALSE
	EndGlobalSection
	GlobalSection(ExtensibilityGlobals) = postSolution
		SolutionGuid = {C9818A09-B705-4077-A8DB-709E1AC7D85A}
	EndGlobalSection
EndGlobal
