<?xml version="1.0" encoding="utf-8"?>
<Project ToolsVersion="4.0" xmlns="http://schemas.microsoft.com/developer/msbuild/2003">
  <ItemGroup>
    <Filter Include="Source Files">
      <UniqueIdentifier>{4FC737F1-C7A5-4376-A066-2A32D752A2FF}</UniqueIdentifier>
      <Extensions>cpp;c;cc;cxx;def;odl;idl;hpj;bat;asm;asmx</Extensions>
    </Filter>
    <Filter Include="Header Files">
      <UniqueIdentifier>{93995380-89BD-4b04-88EB-625FBE52EBFB}</UniqueIdentifier>
      <Extensions>h;hpp;hxx;hm;inl;inc;xsd</Extensions>
    </Filter>
    <Filter Include="Resource Files">
      <UniqueIdentifier>{67DA6AB6-F800-4c08-8B7A-83BB121AAD01}</UniqueIdentifier>
      <Extensions>rc;ico;cur;bmp;dlg;rc2;rct;bin;rgs;gif;jpg;jpeg;jpe;resx;tiff;tif;png;wav;mfcribbon-ms</Extensions>
    </Filter>
  </ItemGroup>
  <ItemGroup>
    <ClInclude Include="stdafx.h">
      <Filter>Header Files</Filter>
    </ClInclude>
    <ClInclude Include="CandidateList.h">
      <Filter>Header Files</Filter>
    </ClInclude>
    <ClInclude Include="CandidateWindow.h">
      <Filter>Header Files</Filter>
    </ClInclude>
    <ClInclude Include="DisplayAttributeInfo.h">
      <Filter>Header Files</Filter>
    </ClInclude>
    <ClInclude Include="EditSession.h">
      <Filter>Header Files</Filter>
    </ClInclude>
    <ClInclude Include="EnumDisplayAttributeInfo.h">
      <Filter>Header Files</Filter>
    </ClInclude>
    <ClInclude Include="imcrvtip.h">
      <Filter>Header Files</Filter>
    </ClInclude>
    <ClInclude Include="LanguageBar.h">
      <Filter>Header Files</Filter>
    </ClInclude>
    <ClInclude Include="TextService.h">
      <Filter>Header Files</Filter>
    </ClInclude>
  </ItemGroup>
  <ItemGroup>
    <ClCompile Include="stdafx.cpp">
      <Filter>Source Files</Filter>
    </ClCompile>
    <ClCompile Include="CandidateList.cpp">
      <Filter>Source Files</Filter>
    </ClCompile>
    <ClCompile Include="CandidateUIElement.cpp">
      <Filter>Source Files</Filter>
    </ClCompile>
    <ClCompile Include="CandidateWindow.cpp">
      <Filter>Source Files</Filter>
    </ClCompile>
    <ClCompile Include="Compartment.cpp">
      <Filter>Source Files</Filter>
    </ClCompile>
    <ClCompile Include="CompartmentEventSink.cpp">
      <Filter>Source Files</Filter>
    </ClCompile>
    <ClCompile Include="Composition.cpp">
      <Filter>Source Files</Filter>
    </ClCompile>
    <ClCompile Include="DisplayAttributeProvider.cpp">
      <Filter>Source Files</Filter>
    </ClCompile>
    <ClCompile Include="DllMain.cpp">
      <Filter>Source Files</Filter>
    </ClCompile>
    <ClCompile Include="FnConfigure.cpp">
      <Filter>Source Files</Filter>
    </ClCompile>
    <ClCompile Include="FunctionProvider.cpp">
      <Filter>Source Files</Filter>
    </ClCompile>
    <ClCompile Include="Globals.cpp">
      <Filter>Source Files</Filter>
    </ClCompile>
    <ClCompile Include="KeyEventSink.cpp">
      <Filter>Source Files</Filter>
    </ClCompile>
    <ClCompile Include="KeyHandler.cpp">
      <Filter>Source Files</Filter>
    </ClCompile>
    <ClCompile Include="KeyHandlerChar.cpp">
      <Filter>Source Files</Filter>
    </ClCompile>
    <ClCompile Include="KeyHandlerComposition.cpp">
      <Filter>Source Files</Filter>
    </ClCompile>
    <ClCompile Include="KeyHandlerControl.cpp">
      <Filter>Source Files</Filter>
    </ClCompile>
    <ClCompile Include="KeyHandlerConv.cpp">
      <Filter>Source Files</Filter>
    </ClCompile>
    <ClCompile Include="KeyHandlerDictionary.cpp">
      <Filter>Source Files</Filter>
    </ClCompile>
    <ClCompile Include="LanguageBar.cpp">
      <Filter>Source Files</Filter>
    </ClCompile>
    <ClCompile Include="Register.cpp">
      <Filter>Source Files</Filter>
    </ClCompile>
    <ClCompile Include="Server.cpp">
      <Filter>Source Files</Filter>
    </ClCompile>
    <ClCompile Include="TextEditSink.cpp">
      <Filter>Source Files</Filter>
    </ClCompile>
    <ClCompile Include="TextService.cpp">
      <Filter>Source Files</Filter>
    </ClCompile>
    <ClCompile Include="ThreadFocusSink.cpp">
      <Filter>Source Files</Filter>
    </ClCompile>
    <ClCompile Include="ThreadMgrEventSink.cpp">
      <Filter>Source Files</Filter>
    </ClCompile>
  </ItemGroup>
  <ItemGroup>
    <None Include="imcrvtip.def">
      <Filter>Resource Files</Filter>
    </None>
    <None Include="Icon\5Ascii.ico">
      <Filter>Resource Files</Filter>
    </None>
    <None Include="Icon\5Default.ico">
      <Filter>Resource Files</Filter>
    </None>
    <None Include="Icon\5Hiragana.ico">
      <Filter>Resource Files</Filter>
    </None>
    <None Include="Icon\5JLatin.ico">
      <Filter>Resource Files</Filter>
    </None>
    <None Include="Icon\5Katakana.ico">
      <Filter>Resource Files</Filter>
    </None>
    <None Include="Icon\5Katakana1.ico">
      <Filter>Resource Files</Filter>
    </None>
    <None Include="Icon\Ascii.ico">
      <Filter>Resource Files</Filter>
    </None>
    <None Include="Icon\CorvusSKK.ico">
      <Filter>Resource Files</Filter>
    </None>
    <None Include="Icon\Default.ico">
      <Filter>Resource Files</Filter>
    </None>
    <None Include="Icon\Hiragana.ico">
      <Filter>Resource Files</Filter>
    </None>
    <None Include="Icon\JLatin.ico">
      <Filter>Resource Files</Filter>
    </None>
    <None Include="Icon\Katakana.ico">
      <Filter>Resource Files</Filter>
    </None>
    <None Include="Icon\Katakana1.ico">
      <Filter>Resource Files</Filter>
    </None>
  </ItemGroup>
  <ItemGroup>
    <ResourceCompile Include="imcrvtip.rc">
      <Filter>Resource Files</Filter>
    </ResourceCompile>
  </ItemGroup>
</Project>