<?xml version="1.0" encoding="utf-8"?>
<Project ToolsVersion="4.0" xmlns="http://schemas.microsoft.com/developer/msbuild/2003">
  <ItemGroup>
    <Filter Include="Installer Files">
      <UniqueIdentifier>{e310d37e-24d5-4eb8-b088-2fe2aa5b345c}</UniqueIdentifier>
    </Filter>
    <Filter Include="config-lua">
      <UniqueIdentifier>{d18340a9-2f90-446e-a016-5c017ad0c446}</UniqueIdentifier>
    </Filter>
    <Filter Include="config-sample">
      <UniqueIdentifier>{a4c9d6dd-8349-4e02-b744-23321ddbb9f3}</UniqueIdentifier>
    </Filter>
    <Filter Include="resource-md">
      <UniqueIdentifier>{caab1f7f-f9ad-4ffc-8be3-7bbdcc5fa4bf}</UniqueIdentifier>
    </Filter>
    <Filter Include="theme-bundle">
      <UniqueIdentifier>{69d80344-cf91-428b-bd8c-5fb2f5ee9f0a}</UniqueIdentifier>
    </Filter>
    <Filter Include="config-share">
      <UniqueIdentifier>{29dc0f73-b251-4b3a-8423-decd81086516}</UniqueIdentifier>
    </Filter>
  </ItemGroup>
  <ItemGroup>
    <None Include="_build.cmd">
      <Filter>Installer Files</Filter>
    </None>
    <None Include="_build_bundle.cmd">
      <Filter>Installer Files</Filter>
    </None>
    <None Include="_build_sub.cmd">
      <Filter>Installer Files</Filter>
    </None>
    <None Include="_build_x64.cmd">
      <Filter>Installer Files</Filter>
    </None>
    <None Include="_build_x86.cmd">
      <Filter>Installer Files</Filter>
    </None>
    <None Include="_clean.cmd">
      <Filter>Installer Files</Filter>
    </None>
    <None Include="_clean_sub.cmd">
      <Filter>Installer Files</Filter>
    </None>
    <None Include="_clean_x64.cmd">
      <Filter>Installer Files</Filter>
    </None>
    <None Include="_clean_x86.cmd">
      <Filter>Installer Files</Filter>
    </None>
    <None Include="_debug_reg.cmd">
      <Filter>Installer Files</Filter>
    </None>
    <None Include="_debug_unreg.cmd">
      <Filter>Installer Files</Filter>
    </None>
    <None Include="_sign.cmd">
      <Filter>Installer Files</Filter>
    </None>
    <None Include="_solution_build.cmd">
      <Filter>Installer Files</Filter>
    </None>
    <None Include="_solution_build_debug.cmd">
      <Filter>Installer Files</Filter>
    </None>
    <None Include="_solution_clean.cmd">
      <Filter>Installer Files</Filter>
    </None>
    <None Include="_solution_clean_debug.cmd">
      <Filter>Installer Files</Filter>
    </None>
    <None Include="_verify.cmd">
      <Filter>Installer Files</Filter>
    </None>
    <None Include="_version.cmd">
      <Filter>Installer Files</Filter>
    </None>
    <None Include="config-lua\init.lua">
      <Filter>config-lua</Filter>
    </None>
    <None Include="config-lua\test_c.lua">
      <Filter>config-lua</Filter>
    </None>
    <None Include="config-lua\test_gadget.lua">
      <Filter>config-lua</Filter>
    </None>
    <None Include="config-lua\test_num.lua">
      <Filter>config-lua</Filter>
    </None>
    <None Include="config-lua\test_search.lua">
      <Filter>config-lua</Filter>
    </None>
    <None Include="config-lua\test_time.lua">
      <Filter>config-lua</Filter>
    </None>
    <None Include="resource-md\markdown.css">
      <Filter>resource-md</Filter>
    </None>
    <None Include="installer-bundle.wxs">
      <Filter>Installer Files</Filter>
    </None>
    <None Include="installer-ucrt.wxi">
      <Filter>Installer Files</Filter>
    </None>
    <None Include="installer-version.wxi">
      <Filter>Installer Files</Filter>
    </None>
    <None Include="installer-x64.wxs">
      <Filter>Installer Files</Filter>
    </None>
    <None Include="installer-x86.wxs">
      <Filter>Installer Files</Filter>
    </None>
    <None Include="..\README.md" />
    <None Include="theme-bundle\license.rtf">
      <Filter>theme-bundle</Filter>
    </None>
  </ItemGroup>
  <ItemGroup>
    <Text Include="config-sample\kanatable.txt">
      <Filter>config-sample</Filter>
    </Text>
    <Text Include="..\LICENSE.TXT" />
    <Text Include="config-share\skkdict.txt">
      <Filter>config-share</Filter>
    </Text>
  </ItemGroup>
  <ItemGroup>
    <Xml Include="config-sample\config - act.xml">
      <Filter>config-sample</Filter>
    </Xml>
    <Xml Include="config-sample\config - azik-jpkbd.xml">
      <Filter>config-sample</Filter>
    </Xml>
    <Xml Include="config-sample\config - azik-uskbd.xml">
      <Filter>config-sample</Filter>
    </Xml>
    <Xml Include="config-sample\config - gact10.xml">
      <Filter>config-sample</Filter>
    </Xml>
    <Xml Include="config-sample\config - kana.xml">
      <Filter>config-sample</Filter>
    </Xml>
    <Xml Include="config-sample\config - roman.xml">
      <Filter>config-sample</Filter>
    </Xml>
    <Xml Include="config-share\config.xml">
      <Filter>config-share</Filter>
    </Xml>
    <Xml Include="theme-bundle\RtfSidebarTheme.xml">
      <Filter>theme-bundle</Filter>
    </Xml>
  </ItemGroup>
  <ItemGroup>
    <Image Include="resource-md\01_dictionary.png">
      <Filter>resource-md</Filter>
    </Image>
    <Image Include="resource-md\02_behavior_1.png">
      <Filter>resource-md</Filter>
    </Image>
    <Image Include="resource-md\03_behavior_2.png">
      <Filter>resource-md</Filter>
    </Image>
    <Image Include="resource-md\04_display1.png">
      <Filter>resource-md</Filter>
    </Image>
    <Image Include="resource-md\05_display2.png">
      <Filter>resource-md</Filter>
    </Image>
    <Image Include="resource-md\06_display_attribute_1.png">
      <Filter>resource-md</Filter>
    </Image>
    <Image Include="resource-md\07_display_attribute_2.png">
      <Filter>resource-md</Filter>
    </Image>
    <Image Include="resource-md\08_select_key.png">
      <Filter>resource-md</Filter>
    </Image>
    <Image Include="resource-md\09_on_off_key.png">
      <Filter>resource-md</Filter>
    </Image>
    <Image Include="resource-md\10_key1_character.png">
      <Filter>resource-md</Filter>
    </Image>
    <Image Include="resource-md\11_key2_virtual_key.png">
      <Filter>resource-md</Filter>
    </Image>
    <Image Include="resource-md\12_conversion_point.png">
      <Filter>resource-md</Filter>
    </Image>
    <Image Include="resource-md\13_kana.png">
      <Filter>resource-md</Filter>
    </Image>
    <Image Include="resource-md\14_full_width_latin.png">
      <Filter>resource-md</Filter>
    </Image>
    <Image Include="resource-md\20_key_and_mode.png">
      <Filter>resource-md</Filter>
    </Image>
    <Image Include="resource-md\21_convert_program.png">
      <Filter>resource-md</Filter>
    </Image>
    <Image Include="resource-md\22_convert_number.png">
      <Filter>resource-md</Filter>
    </Image>
    <Image Include="resource-md\23_convert_unicode_codepoint.png">
      <Filter>resource-md</Filter>
    </Image>
    <Image Include="resource-md\24_convert_unicode_jisx0213.png">
      <Filter>resource-md</Filter>
    </Image>
    <Image Include="resource-md\25_convert_character_display.png">
      <Filter>resource-md</Filter>
    </Image>
    <Image Include="resource-md\26_register_annotation.png">
      <Filter>resource-md</Filter>
    </Image>
    <Image Include="theme-bundle\logoside.png">
      <Filter>theme-bundle</Filter>
    </Image>
  </ItemGroup>
</Project>