<?xml version="1.0" encoding="utf-8"?>
<Project ToolsVersion="4.0" xmlns="http://schemas.microsoft.com/developer/msbuild/2003">
  <ItemGroup>
    <Filter Include="Installer Files">
      <UniqueIdentifier>{e310d37e-24d5-4eb8-b088-2fe2aa5b345c}</UniqueIdentifier>
    </Filter>
    <Filter Include="config-lua">
      <UniqueIdentifier>{d18340a9-2f90-446e-a016-5c017ad0c446}</UniqueIdentifier>
    </Filter>
    <Filter Include="config-sample">
      <UniqueIdentifier>{a4c9d6dd-8349-4e02-b744-23321ddbb9f3}</UniqueIdentifier>
    </Filter>
    <Filter Include="resource-md">
      <UniqueIdentifier>{caab1f7f-f9ad-4ffc-8be3-7bbdcc5fa4bf}</UniqueIdentifier>
    </Filter>
    <Filter Include="theme-bundle">
      <UniqueIdentifier>{69d80344-cf91-428b-bd8c-5fb2f5ee9f0a}</UniqueIdentifier>
    </Filter>
    <Filter Include="config-share">
      <UniqueIdentifier>{29dc0f73-b251-4b3a-8423-decd81086516}</UniqueIdentifier>
    </Filter>
  </ItemGroup>
  <ItemGroup>
    <None Include="_build.cmd">
      <Filter>Installer Files</Filter>
    </None>
    <None Include="_build_bundle.cmd">
      <Filter>Installer Files</Filter>
    </None>
    <None Include="_build_msi.cmd">
      <Filter>Installer Files</Filter>
    </None>
    <None Include="_build_sub.cmd">
      <Filter>Installer Files</Filter>
    </None>
    <None Include="_clean.cmd">
      <Filter>Installer Files</Filter>
    </None>
    <None Include="_debug_reg.cmd">
      <Filter>Installer Files</Filter>
    </None>
    <None Include="_debug_unreg.cmd">
      <Filter>Installer Files</Filter>
    </None>
    <None Include="_sign.cmd">
      <Filter>Installer Files</Filter>
    </None>
    <None Include="_solution_build.cmd">
      <Filter>Installer Files</Filter>
    </None>
    <None Include="_solution_build_debug.cmd">
      <Filter>Installer Files</Filter>
    </None>
    <None Include="_solution_clean.cmd">
      <Filter>Installer Files</Filter>
    </None>
    <None Include="_solution_clean_debug.cmd">
      <Filter>Installer Files</Filter>
    </None>
    <None Include="_verify.cmd">
      <Filter>Installer Files</Filter>
    </None>
    <None Include="_version.cmd">
      <Filter>Installer Files</Filter>
    </None>
    <None Include="_vsdev.cmd">
      <Filter>Installer Files</Filter>
    </None>
    <None Include="config-lua\init.lua">
      <Filter>config-lua</Filter>
    </None>
    <None Include="config-lua\test_c.lua">
      <Filter>config-lua</Filter>
    </None>
    <None Include="config-lua\test_gadget.lua">
      <Filter>config-lua</Filter>
    </None>
    <None Include="config-lua\test_num.lua">
      <Filter>config-lua</Filter>
    </None>
    <None Include="config-lua\test_search.lua">
      <Filter>config-lua</Filter>
    </None>
    <None Include="config-lua\test_time.lua">
      <Filter>config-lua</Filter>
    </None>
    <None Include="resource-md\markdown.css">
      <Filter>resource-md</Filter>
    </None>
    <None Include="installer-arm.wxs">
      <Filter>Installer Files</Filter>
    </None>
    <None Include="installer-bundle.wxs">
      <Filter>Installer Files</Filter>
    </None>
    <None Include="installer-bundle-ucrt.wxi">
      <Filter>Installer Files</Filter>
    </None>
    <None Include="installer-version.wxi">
      <Filter>Installer Files</Filter>
    </None>
    <None Include="installer-x64.wxs">
      <Filter>Installer Files</Filter>
    </None>
    <None Include="installer-x86.wxs">
      <Filter>Installer Files</Filter>
    </None>
    <None Include="..\README.md" />
    <None Include="theme-bundle\license.rtf">
      <Filter>theme-bundle</Filter>
    </None>
  </ItemGroup>
  <ItemGroup>
    <Text Include="config-sample\kanatable.txt">
      <Filter>config-sample</Filter>
    </Text>
    <Text Include="..\LICENSE.TXT" />
    <Text Include="config-share\skkdict.txt">
      <Filter>config-share</Filter>
    </Text>
    <Text Include="config-sample\skk-omikuji.txt">
      <Filter>config-sample</Filter>
    </Text>
    <Text Include="config-sample\skk-strftime.txt">
      <Filter>config-sample</Filter>
    </Text>
  </ItemGroup>
  <ItemGroup>
    <Xml Include="config-sample\config - act.xml">
      <Filter>config-sample</Filter>
    </Xml>
    <Xml Include="config-sample\config - azik-jpkbd.xml">
      <Filter>config-sample</Filter>
    </Xml>
    <Xml Include="config-sample\config - azik-uskbd.xml">
      <Filter>config-sample</Filter>
    </Xml>
    <Xml Include="config-sample\config - gact10.xml">
      <Filter>config-sample</Filter>
    </Xml>
    <Xml Include="config-sample\config - kana.xml">
      <Filter>config-sample</Filter>
    </Xml>
    <Xml Include="config-sample\config - roman.xml">
      <Filter>config-sample</Filter>
    </Xml>
    <Xml Include="config-sample\config - tsuki-2-263-jpkbd.xml">
      <Filter>config-sample</Filter>
    </Xml>
    <Xml Include="config-sample\config - tsuki-2-263-uskbd.xml">
      <Filter>config-sample</Filter>
    </Xml>
    <Xml Include="config-sample\config - wait-sample.xml">
      <Filter>config-sample</Filter>
    </Xml>
    <Xml Include="config-share\config.xml">
      <Filter>config-share</Filter>
    </Xml>
  </ItemGroup>
  <ItemGroup>
    <Image Include="theme-bundle\logo.png">
      <Filter>theme-bundle</Filter>
    </Image>
    <Image Include="theme-bundle\banner.bmp">
      <Filter>theme-bundle</Filter>
    </Image>
    <Image Include="theme-bundle\dialog.bmp">
      <Filter>theme-bundle</Filter>
    </Image>
    <Image Include="resource-md\00_input_mode_ascii.png">
      <Filter>resource-md</Filter>
    </Image>
    <Image Include="resource-md\00_input_mode_default.png">
      <Filter>resource-md</Filter>
    </Image>
    <Image Include="resource-md\00_input_mode_hiragana.png">
      <Filter>resource-md</Filter>
    </Image>
    <Image Include="resource-md\00_input_mode_jlatin.png">
      <Filter>resource-md</Filter>
    </Image>
    <Image Include="resource-md\00_input_mode_katakana.png">
      <Filter>resource-md</Filter>
    </Image>
    <Image Include="resource-md\00_input_mode_katakana1.png">
      <Filter>resource-md</Filter>
    </Image>
    <Image Include="resource-md\00_input_mode_p_ascii.png">
      <Filter>resource-md</Filter>
    </Image>
    <Image Include="resource-md\00_input_mode_p_hiragana.png">
      <Filter>resource-md</Filter>
    </Image>
    <Image Include="resource-md\00_input_mode_p_jlatin.png">
      <Filter>resource-md</Filter>
    </Image>
    <Image Include="resource-md\00_input_mode_p_katakana.png">
      <Filter>resource-md</Filter>
    </Image>
    <Image Include="resource-md\00_input_mode_p_katakana1.png">
      <Filter>resource-md</Filter>
    </Image>
    <Image Include="resource-md\01_input_menu_0.png">
      <Filter>resource-md</Filter>
    </Image>
    <Image Include="resource-md\01_input_menu_1.png">
      <Filter>resource-md</Filter>
    </Image>
    <Image Include="resource-md\02_key_and_mode.png">
      <Filter>resource-md</Filter>
    </Image>
    <Image Include="resource-md\101_dictionary_1.png">
      <Filter>resource-md</Filter>
    </Image>
    <Image Include="resource-md\102_dictionary_2.png">
      <Filter>resource-md</Filter>
    </Image>
    <Image Include="resource-md\103_behavior_1.png">
      <Filter>resource-md</Filter>
    </Image>
    <Image Include="resource-md\104_behavior_2.png">
      <Filter>resource-md</Filter>
    </Image>
    <Image Include="resource-md\105_display_1.png">
      <Filter>resource-md</Filter>
    </Image>
    <Image Include="resource-md\106_display_2.png">
      <Filter>resource-md</Filter>
    </Image>
    <Image Include="resource-md\107_display_attribute_1.png">
      <Filter>resource-md</Filter>
    </Image>
    <Image Include="resource-md\108_display_attribute_2.png">
      <Filter>resource-md</Filter>
    </Image>
    <Image Include="resource-md\109_select_key.png">
      <Filter>resource-md</Filter>
    </Image>
    <Image Include="resource-md\110_on_off_key.png">
      <Filter>resource-md</Filter>
    </Image>
    <Image Include="resource-md\111_key1_character.png">
      <Filter>resource-md</Filter>
    </Image>
    <Image Include="resource-md\112_key2_virtual_key.png">
      <Filter>resource-md</Filter>
    </Image>
    <Image Include="resource-md\113_conversion_point.png">
      <Filter>resource-md</Filter>
    </Image>
    <Image Include="resource-md\114_kana.png">
      <Filter>resource-md</Filter>
    </Image>
    <Image Include="resource-md\115_full_width_latin.png">
      <Filter>resource-md</Filter>
    </Image>
    <Image Include="resource-md\201_convert_program.png">
      <Filter>resource-md</Filter>
    </Image>
    <Image Include="resource-md\202_convert_number.png">
      <Filter>resource-md</Filter>
    </Image>
    <Image Include="resource-md\203_convert_unicode_codepoint.png">
      <Filter>resource-md</Filter>
    </Image>
    <Image Include="resource-md\204_convert_unicode_jisx0213.png">
      <Filter>resource-md</Filter>
    </Image>
    <Image Include="resource-md\205_convert_character_display.png">
      <Filter>resource-md</Filter>
    </Image>
    <Image Include="resource-md\206_register_annotation.png">
      <Filter>resource-md</Filter>
    </Image>
    <Image Include="resource-md\logo.png">
      <Filter>resource-md</Filter>
    </Image>
  </ItemGroup>
</Project>